<?xml version="1.0" encoding="utf-8"?>
<Project ToolsVersion="4.0" xmlns="http://schemas.microsoft.com/developer/msbuild/2003">
  <ItemGroup>
    <Filter Include="源文件">
      <UniqueIdentifier>{4FC737F1-C7A5-4376-A066-2A32D752A2FF}</UniqueIdentifier>
      <Extensions>cpp;c;cc;cxx;c++;cppm;ixx;def;odl;idl;hpj;bat;asm;asmx</Extensions>
    </Filter>
    <Filter Include="头文件">
      <UniqueIdentifier>{93995380-89BD-4b04-88EB-625FBE52EBFB}</UniqueIdentifier>
      <Extensions>h;hh;hpp;hxx;h++;hm;inl;inc;ipp;xsd</Extensions>
    </Filter>
    <Filter Include="资源文件">
      <UniqueIdentifier>{67DA6AB6-F800-4c08-8B7A-83BB121AAD01}</UniqueIdentifier>
      <Extensions>rc;ico;cur;bmp;dlg;rc2;rct;bin;rgs;gif;jpg;jpeg;jpe;resx;tiff;tif;png;wav;mfcribbon-ms</Extensions>
    </Filter>
  </ItemGroup>
  <ItemGroup>
    <ClCompile Include="1.string容器.cpp">
      <Filter>源文件</Filter>
    </ClCompile>
    <ClCompile Include="2.vector容器.cpp">
      <Filter>源文件</Filter>
    </ClCompile>
    <ClCompile Include="3.deque容器.cpp">
      <Filter>源文件</Filter>
    </ClCompile>
    <ClCompile Include="4.stack容器.cpp">
      <Filter>源文件</Filter>
    </ClCompile>
    <ClCompile Include="5.queue容器.cpp">
      <Filter>源文件</Filter>
    </ClCompile>
    <ClCompile Include="6.list容器.cpp">
      <Filter>源文件</Filter>
    </ClCompile>
    <ClCompile Include="7.set容器.cpp">
      <Filter>源文件</Filter>
    </ClCompile>
    <ClCompile Include="8.map容器.cpp">
      <Filter>源文件</Filter>
    </ClCompile>
    <ClCompile Include="9.函数对象.cpp">
      <Filter>源文件</Filter>
    </ClCompile>
    <ClCompile Include="10.谓语.cpp">
      <Filter>源文件</Filter>
    </ClCompile>
    <ClCompile Include="11.系统内建仿函数.cpp">
      <Filter>源文件</Filter>
    </ClCompile>
    <ClCompile Include="12.遍历算法for_each.cpp">
      <Filter>源文件</Filter>
    </ClCompile>
    <ClCompile Include="13.遍历算法transform.cpp">
      <Filter>源文件</Filter>
    </ClCompile>
    <ClCompile Include="14.查找算法if.cpp">
      <Filter>源文件</Filter>
    </ClCompile>
    <ClCompile Include="15.查找算法find_if.cpp">
      <Filter>源文件</Filter>
    </ClCompile>
    <ClCompile Include="16.查找算法adjacent_find.cpp">
      <Filter>源文件</Filter>
    </ClCompile>
    <ClCompile Include="17.查找算法binary_search.cpp">
      <Filter>源文件</Filter>
    </ClCompile>
    <ClCompile Include="18.查找算法count.cpp">
      <Filter>源文件</Filter>
    </ClCompile>
    <ClCompile Include="19.排序算法sort.cpp">
      <Filter>源文件</Filter>
    </ClCompile>
    <ClCompile Include="20.排序算法merge.cpp">
      <Filter>源文件</Filter>
    </ClCompile>
    <ClCompile Include="21.排序算法random_shuffle.cpp">
      <Filter>源文件</Filter>
    </ClCompile>
    <ClCompile Include="22.排序算法reverse.cpp">
      <Filter>源文件</Filter>
    </ClCompile>
    <ClCompile Include="23.拷贝替换算法.cpp">
      <Filter>源文件</Filter>
    </ClCompile>
    <ClCompile Include="24.算术生成算法.cpp">
      <Filter>源文件</Filter>
    </ClCompile>
    <ClCompile Include="25.常用集合算法.cpp">
      <Filter>源文件</Filter>
    </ClCompile>
  </ItemGroup>
</Project>