{
  "name": "day0716-vue",
  "version": "1.0.0",
  "lockfileVersion": 1,
  "requires": true,
  "dependencies": {
    "isarray": {
      "version": "0.0.1",
      "resolved": "https://registry.npm.taobao.org/isarray/download/isarray-0.0.1.tgz?cache=0&sync_timestamp=1562592096220&other_urls=https%3A%2F%2Fregistry.npm.taobao.org%2Fisarray%2Fdownload%2Fisarray-0.0.1.tgz",
      "integrity": "sha1-ihis/Kmo9Bd+Cav8YDiTmwXR7t8="
    },
    "page": {
      "version": "1.11.4",
      "resolved": "https://registry.npm.taobao.org/page/download/page-1.11.4.tgz",
      "integrity": "sha1-202cTUvZLEmtPcW9PBoSAd+ZK9g=",
      "requires": {
        "path-to-regexp": "1.2.1"
      }
    },
    "path-to-regexp": {
      "version": "1.2.1",
      "resolved": "https://registry.npm.taobao.org/path-to-regexp/download/path-to-regexp-1.2.1.tgz",
      "integrity": "sha1-szcFwUAjTYc8hyHHuf2LVB7Tr/k=",
      "requires": {
        "isarray": "0.0.1"
      }
    },
    "vue": {
      "version": "2.6.10",
      "resolved": "https://registry.npm.taobao.org/vue/download/vue-2.6.10.tgz",
      "integrity": "sha1-pysaQqTYKnIepDjRtr9V5mGVxjc="
    },
    "vue-route": {
      "version": "1.5.1",
      "resolved": "https://registry.npm.taobao.org/vue-route/download/vue-route-1.5.1.tgz",
      "integrity": "sha1-1k0T8gmIQ4k29g09K/GHykSK19M=",
      "requires": {
        "page": "1.11.4"
      }
    },
    "vue-router": {
      "version": "3.0.7",
      "resolved": "https://registry.npm.taobao.org/vue-router/download/vue-router-3.0.7.tgz?cache=0&sync_timestamp=1562164292099&other_urls=https%3A%2F%2Fregistry.npm.taobao.org%2Fvue-router%2Fdownload%2Fvue-router-3.0.7.tgz",
      "integrity": "sha1-s2yhB7SsuP9bxP+CRYQFnCP8uHs="
    }
  }
}
